
Microsoft Visual Studio Solution File, Format Version 12.00
# Visual Studio Version 16
VisualStudioVersion = 16.0.30204.135
MinimumVisualStudioVersion = 10.0.40219.1
Project("{FAE04EC0-301F-11D3-BF4B-00C04F79EFBC}") = "While", "While\While.csproj", "{B19CD0EC-8943-48F3-B066-DEC27C6BB90A}"
EndProject
Project("{FAE04EC0-301F-11D3-BF4B-00C04F79EFBC}") = "For", "For\For.csproj", "{42C30658-1356-426B-A1BC-9533475830AC}"
EndProject
Project("{FAE04EC0-301F-11D3-BF4B-00C04F79EFBC}") = "Zadanie1", "Zadanie1\Zadanie1.csproj", "{E1F2CE67-9865-496B-8507-023E48F42F69}"
EndProject
Project("{FAE04EC0-301F-11D3-BF4B-00C04F79EFBC}") = "Zadanie2", "Zadanie2\Zadanie2.csproj", "{C88214AE-9F7B-4314-AA4D-967FCF05DAA8}"
EndProject
Project("{FAE04EC0-301F-11D3-BF4B-00C04F79EFBC}") = "Zadanie3", "Zadanie3\Zadanie3.csproj", "{4219B39D-5AD2-4BDA-A217-E24D2902CEE3}"
EndProject
Project("{FAE04EC0-301F-11D3-BF4B-00C04F79EFBC}") = "Zadanie4", "Zadanie4\Zadanie4.csproj", "{6129EB19-BEC1-40BD-9568-7AA0513A228F}"
EndProject
Project("{FAE04EC0-301F-11D3-BF4B-00C04F79EFBC}") = "Zadanie6", "Zadanie6\Zadanie6.csproj", "{88D4E5C6-ABA7-4EEC-BAFC-01943BCC28E3}"
EndProject
Project("{FAE04EC0-301F-11D3-BF4B-00C04F79EFBC}") = "Zadanie5", "Zadanie5\Zadanie5.csproj", "{6EB69670-5FCD-4928-A0A2-E8153CB2DE8C}"
EndProject
Project("{FAE04EC0-301F-11D3-BF4B-00C04F79EFBC}") = "Zadanie7", "Zadanie7\Zadanie7.csproj", "{7B0C61F1-C3E5-4310-AB28-10F855D17346}"
EndProject
Project("{FAE04EC0-301F-11D3-BF4B-00C04F79EFBC}") = "Zadanie8", "Zadanie8\Zadanie8.csproj", "{A35BD293-45CF-49C3-A764-B7FA9F168E29}"
EndProject
Project("{FAE04EC0-301F-11D3-BF4B-00C04F79EFBC}") = "Zadanie9", "Zadanie9\Zadanie9.csproj", "{8112D024-723E-41D7-A6D5-320A1AF3D78E}"
EndProject
Project("{FAE04EC0-301F-11D3-BF4B-00C04F79EFBC}") = "Zadanie10", "Zadanie10\Zadanie10.csproj", "{6B65E49A-DC07-4BD5-86BC-63B869C726B1}"
EndProject
Project("{FAE04EC0-301F-11D3-BF4B-00C04F79EFBC}") = "Zadanie16", "Zadanie16\Zadanie16.csproj", "{6B949805-4A0E-422C-8A7F-F843D626FE05}"
EndProject
Global
	GlobalSection(SolutionConfigurationPlatforms) = preSolution
		Debug|Any CPU = Debug|Any CPU
		Release|Any CPU = Release|Any CPU
	EndGlobalSection
	GlobalSection(ProjectConfigurationPlatforms) = postSolution
		{B19CD0EC-8943-48F3-B066-DEC27C6BB90A}.Debug|Any CPU.ActiveCfg = Debug|Any CPU
		{B19CD0EC-8943-48F3-B066-DEC27C6BB90A}.Debug|Any CPU.Build.0 = Debug|Any CPU
		{B19CD0EC-8943-48F3-B066-DEC27C6BB90A}.Release|Any CPU.ActiveCfg = Release|Any CPU
		{B19CD0EC-8943-48F3-B066-DEC27C6BB90A}.Release|Any CPU.Build.0 = Release|Any CPU
		{42C30658-1356-426B-A1BC-9533475830AC}.Debug|Any CPU.ActiveCfg = Debug|Any CPU
		{42C30658-1356-426B-A1BC-9533475830AC}.Debug|Any CPU.Build.0 = Debug|Any CPU
		{42C30658-1356-426B-A1BC-9533475830AC}.Release|Any CPU.ActiveCfg = Release|Any CPU
		{42C30658-1356-426B-A1BC-9533475830AC}.Release|Any CPU.Build.0 = Release|Any CPU
		{E1F2CE67-9865-496B-8507-023E48F42F69}.Debug|Any CPU.ActiveCfg = Debug|Any CPU
		{E1F2CE67-9865-496B-8507-023E48F42F69}.Debug|Any CPU.Build.0 = Debug|Any CPU
		{E1F2CE67-9865-496B-8507-023E48F42F69}.Release|Any CPU.ActiveCfg = Release|Any CPU
		{E1F2CE67-9865-496B-8507-023E48F42F69}.Release|Any CPU.Build.0 = Release|Any CPU
		{C88214AE-9F7B-4314-AA4D-967FCF05DAA8}.Debug|Any CPU.ActiveCfg = Debug|Any CPU
		{C88214AE-9F7B-4314-AA4D-967FCF05DAA8}.Debug|Any CPU.Build.0 = Debug|Any CPU
		{C88214AE-9F7B-4314-AA4D-967FCF05DAA8}.Release|Any CPU.ActiveCfg = Release|Any CPU
		{C88214AE-9F7B-4314-AA4D-967FCF05DAA8}.Release|Any CPU.Build.0 = Release|Any CPU
		{4219B39D-5AD2-4BDA-A217-E24D2902CEE3}.Debug|Any CPU.ActiveCfg = Debug|Any CPU
		{4219B39D-5AD2-4BDA-A217-E24D2902CEE3}.Debug|Any CPU.Build.0 = Debug|Any CPU
		{4219B39D-5AD2-4BDA-A217-E24D2902CEE3}.Release|Any CPU.ActiveCfg = Release|Any CPU
		{4219B39D-5AD2-4BDA-A217-E24D2902CEE3}.Release|Any CPU.Build.0 = Release|Any CPU
		{6129EB19-BEC1-40BD-9568-7AA0513A228F}.Debug|Any CPU.ActiveCfg = Debug|Any CPU
		{6129EB19-BEC1-40BD-9568-7AA0513A228F}.Debug|Any CPU.Build.0 = Debug|Any CPU
		{6129EB19-BEC1-40BD-9568-7AA0513A228F}.Release|Any CPU.ActiveCfg = Release|Any CPU
		{6129EB19-BEC1-40BD-9568-7AA0513A228F}.Release|Any CPU.Build.0 = Release|Any CPU
		{88D4E5C6-ABA7-4EEC-BAFC-01943BCC28E3}.Debug|Any CPU.ActiveCfg = Debug|Any CPU
		{88D4E5C6-ABA7-4EEC-BAFC-01943BCC28E3}.Debug|Any CPU.Build.0 = Debug|Any CPU
		{88D4E5C6-ABA7-4EEC-BAFC-01943BCC28E3}.Release|Any CPU.ActiveCfg = Release|Any CPU
		{88D4E5C6-ABA7-4EEC-BAFC-01943BCC28E3}.Release|Any CPU.Build.0 = Release|Any CPU
		{6EB69670-5FCD-4928-A0A2-E8153CB2DE8C}.Debug|Any CPU.ActiveCfg = Debug|Any CPU
		{6EB69670-5FCD-4928-A0A2-E8153CB2DE8C}.Debug|Any CPU.Build.0 = Debug|Any CPU
		{6EB69670-5FCD-4928-A0A2-E8153CB2DE8C}.Release|Any CPU.ActiveCfg = Release|Any CPU
		{6EB69670-5FCD-4928-A0A2-E8153CB2DE8C}.Release|Any CPU.Build.0 = Release|Any CPU
		{7B0C61F1-C3E5-4310-AB28-10F855D17346}.Debug|Any CPU.ActiveCfg = Debug|Any CPU
		{7B0C61F1-C3E5-4310-AB28-10F855D17346}.Debug|Any CPU.Build.0 = Debug|Any CPU
		{7B0C61F1-C3E5-4310-AB28-10F855D17346}.Release|Any CPU.ActiveCfg = Release|Any CPU
		{7B0C61F1-C3E5-4310-AB28-10F855D17346}.Release|Any CPU.Build.0 = Release|Any CPU
		{A35BD293-45CF-49C3-A764-B7FA9F168E29}.Debug|Any CPU.ActiveCfg = Debug|Any CPU
		{A35BD293-45CF-49C3-A764-B7FA9F168E29}.Debug|Any CPU.Build.0 = Debug|Any CPU
		{A35BD293-45CF-49C3-A764-B7FA9F168E29}.Release|Any CPU.ActiveCfg = Release|Any CPU
		{A35BD293-45CF-49C3-A764-B7FA9F168E29}.Release|Any CPU.Build.0 = Release|Any CPU
		{8112D024-723E-41D7-A6D5-320A1AF3D78E}.Debug|Any CPU.ActiveCfg = Debug|Any CPU
		{8112D024-723E-41D7-A6D5-320A1AF3D78E}.Debug|Any CPU.Build.0 = Debug|Any CPU
		{8112D024-723E-41D7-A6D5-320A1AF3D78E}.Release|Any CPU.ActiveCfg = Release|Any CPU
		{8112D024-723E-41D7-A6D5-320A1AF3D78E}.Release|Any CPU.Build.0 = Release|Any CPU
		{6B65E49A-DC07-4BD5-86BC-63B869C726B1}.Debug|Any CPU.ActiveCfg = Debug|Any CPU
		{6B65E49A-DC07-4BD5-86BC-63B869C726B1}.Debug|Any CPU.Build.0 = Debug|Any CPU
		{6B65E49A-DC07-4BD5-86BC-63B869C726B1}.Release|Any CPU.ActiveCfg = Release|Any CPU
		{6B65E49A-DC07-4BD5-86BC-63B869C726B1}.Release|Any CPU.Build.0 = Release|Any CPU
		{6B949805-4A0E-422C-8A7F-F843D626FE05}.Debug|Any CPU.ActiveCfg = Debug|Any CPU
		{6B949805-4A0E-422C-8A7F-F843D626FE05}.Debug|Any CPU.Build.0 = Debug|Any CPU
		{6B949805-4A0E-422C-8A7F-F843D626FE05}.Release|Any CPU.ActiveCfg = Release|Any CPU
		{6B949805-4A0E-422C-8A7F-F843D626FE05}.Release|Any CPU.Build.0 = Release|Any CPU
	EndGlobalSection
	GlobalSection(SolutionProperties) = preSolution
		HideSolutionNode = FALSE
	EndGlobalSection
	GlobalSection(ExtensibilityGlobals) = postSolution
		SolutionGuid = {A5DDA95B-E41D-4A48-A89E-C4AE2D551A74}
	EndGlobalSection
EndGlobal
